
Microsoft Visual Studio Solution File, Format Version 12.00
# Visual Studio Version 17
VisualStudioVersion = 17.3.32811.315
MinimumVisualStudioVersion = 10.0.40219.1
Project("{FAE04EC0-301F-11D3-BF4B-00C04F79EFBC}") = "Hotel_string", "Hotel_string.csproj", "{48C415BC-43D7-4F5E-ABD7-A7D55531FCD0}"
EndProject
Global
	GlobalSection(SolutionConfigurationPlatforms) = preSolution
		Debug|Any CPU = Debug|Any CPU
		Release|Any CPU = Release|Any CPU
	EndGlobalSection
	GlobalSection(ProjectConfigurationPlatforms) = postSolution
		{48C415BC-43D7-4F5E-ABD7-A7D55531FCD0}.Debug|Any CPU.ActiveCfg = Debug|Any CPU
		{48C415BC-43D7-4F5E-ABD7-A7D55531FCD0}.Debug|Any CPU.Build.0 = Debug|Any CPU
		{48C415BC-43D7-4F5E-ABD7-A7D55531FCD0}.Release|Any CPU.ActiveCfg = Release|Any CPU
		{48C415BC-43D7-4F5E-ABD7-A7D55531FCD0}.Release|Any CPU.Build.0 = Release|Any CPU
	EndGlobalSection
	GlobalSection(SolutionProperties) = preSolution
		HideSolutionNode = FALSE
	EndGlobalSection
	GlobalSection(ExtensibilityGlobals) = postSolution
		SolutionGuid = {893CAB1D-E94A-497D-9819-7A2A50ECD3D8}
	EndGlobalSection
EndGlobal
